// !$*UTF8*$!
{
	archiveVersion = 1;
	classes = {
	};
	objectVersion = 46;
	objects = {

/* Begin PBXBuildFile section */
		A30488461EB5E693009D9397 /* Giza.png in Resources */ = {isa = PBXBuildFile; fileRef = A30488441EB5E693009D9397 /* Giza.png */; };
		A30488471EB5E693009D9397 /* SauletekioAvenue.png in Resources */ = {isa = PBXBuildFile; fileRef = A30488451EB5E693009D9397 /* SauletekioAvenue.png */; };
		A30488491EB5F6DA009D9397 /* hudson_river.jpg in Resources */ = {isa = PBXBuildFile; fileRef = A30488481EB5F6DA009D9397 /* hudson_river.jpg */; };
		A349DD251EB4C2A70060D19B /* AppDelegate.swift in Sources */ = {isa = PBXBuildFile; fileRef = A349DD241EB4C2A70060D19B /* AppDelegate.swift */; };
		A349DD271EB4C2A70060D19B /* MapViewController.swift in Sources */ = {isa = PBXBuildFile; fileRef = A349DD261EB4C2A70060D19B /* MapViewController.swift */; };
		A349DD2A1EB4C2A70060D19B /* Main.storyboard in Resources */ = {isa = PBXBuildFile; fileRef = A349DD281EB4C2A70060D19B /* Main.storyboard */; };
		A349DD2C1EB4C2A70060D19B /* Assets.xcassets in Resources */ = {isa = PBXBuildFile; fileRef = A349DD2B1EB4C2A70060D19B /* Assets.xcassets */; };
		A349DD2F1EB4C2A70060D19B /* LaunchScreen.storyboard in Resources */ = {isa = PBXBuildFile; fileRef = A349DD2D1EB4C2A70060D19B /* LaunchScreen.storyboard */; };
		A349DD371EB4C3060060D19B /* LocationManager.swift in Sources */ = {isa = PBXBuildFile; fileRef = A349DD361EB4C3060060D19B /* LocationManager.swift */; };
		A349DD441EB4D8240060D19B /* MapKit.framework in Frameworks */ = {isa = PBXBuildFile; fileRef = A349DD431EB4D8240060D19B /* MapKit.framework */; };
		A371E58F1EB5453800DE94EB /* ContactsViewController.swift in Sources */ = {isa = PBXBuildFile; fileRef = A371E58E1EB5453800DE94EB /* ContactsViewController.swift */; };
		A371E5911EB55BF600DE94EB /* PanelViewController.swift in Sources */ = {isa = PBXBuildFile; fileRef = A371E5901EB55BF600DE94EB /* PanelViewController.swift */; };
		A39E37CD1EB4E67B002D809B /* InfoPlist.strings in Resources */ = {isa = PBXBuildFile; fileRef = A39E37CB1EB4E67B002D809B /* InfoPlist.strings */; };
		A39E37D01EB4E9BB002D809B /* MapView.swift in Sources */ = {isa = PBXBuildFile; fileRef = A39E37CF1EB4E9BB002D809B /* MapView.swift */; };
		A39E37D21EB51204002D809B /* MPCManager.swift in Sources */ = {isa = PBXBuildFile; fileRef = A39E37D11EB51204002D809B /* MPCManager.swift */; };
		A39E37D41EB51D79002D809B /* ChatViewController.swift in Sources */ = {isa = PBXBuildFile; fileRef = A39E37D31EB51D79002D809B /* ChatViewController.swift */; };
		A39E37DC1EB539A9002D809B /* AlertViewController.swift in Sources */ = {isa = PBXBuildFile; fileRef = A39E37DB1EB539A9002D809B /* AlertViewController.swift */; };
/* End PBXBuildFile section */

/* Begin PBXFileReference section */
		A30488441EB5E693009D9397 /* Giza.png */ = {isa = PBXFileReference; lastKnownFileType = image.png; path = Giza.png; sourceTree = "<group>"; };
		A30488451EB5E693009D9397 /* SauletekioAvenue.png */ = {isa = PBXFileReference; lastKnownFileType = image.png; path = SauletekioAvenue.png; sourceTree = "<group>"; };
		A30488481EB5F6DA009D9397 /* hudson_river.jpg */ = {isa = PBXFileReference; lastKnownFileType = image.jpeg; path = hudson_river.jpg; sourceTree = "<group>"; };
		A349DD211EB4C2A70060D19B /* HackerGamesAviation.app */ = {isa = PBXFileReference; explicitFileType = wrapper.application; includeInIndex = 0; path = HackerGamesAviation.app; sourceTree = BUILT_PRODUCTS_DIR; };
		A349DD241EB4C2A70060D19B /* AppDelegate.swift */ = {isa = PBXFileReference; lastKnownFileType = sourcecode.swift; path = AppDelegate.swift; sourceTree = "<group>"; };
		A349DD261EB4C2A70060D19B /* MapViewController.swift */ = {isa = PBXFileReference; lastKnownFileType = sourcecode.swift; path = MapViewController.swift; sourceTree = "<group>"; };
		A349DD291EB4C2A70060D19B /* Base */ = {isa = PBXFileReference; lastKnownFileType = file.storyboard; name = Base; path = Base.lproj/Main.storyboard; sourceTree = "<group>"; };
		A349DD2B1EB4C2A70060D19B /* Assets.xcassets */ = {isa = PBXFileReference; lastKnownFileType = folder.assetcatalog; path = Assets.xcassets; sourceTree = "<group>"; };
		A349DD2E1EB4C2A70060D19B /* Base */ = {isa = PBXFileReference; lastKnownFileType = file.storyboard; name = Base; path = Base.lproj/LaunchScreen.storyboard; sourceTree = "<group>"; };
		A349DD361EB4C3060060D19B /* LocationManager.swift */ = {isa = PBXFileReference; fileEncoding = 4; lastKnownFileType = sourcecode.swift; path = LocationManager.swift; sourceTree = "<group>"; };
		A349DD391EB4CC500060D19B /* Route.gpx */ = {isa = PBXFileReference; lastKnownFileType = text.xml; path = Route.gpx; sourceTree = "<group>"; };
		A349DD431EB4D8240060D19B /* MapKit.framework */ = {isa = PBXFileReference; lastKnownFileType = wrapper.framework; name = MapKit.framework; path = System/Library/Frameworks/MapKit.framework; sourceTree = SDKROOT; };
		A349DD4D1EB4DF180060D19B /* de */ = {isa = PBXFileReference; lastKnownFileType = text.plist.strings; name = de; path = de.lproj/Main.strings; sourceTree = "<group>"; };
		A349DD4E1EB4DF180060D19B /* de */ = {isa = PBXFileReference; lastKnownFileType = text.plist.strings; name = de; path = de.lproj/LaunchScreen.strings; sourceTree = "<group>"; };
		A349DD5E1EB4E3BF0060D19B /* en */ = {isa = PBXFileReference; lastKnownFileType = text.plist.xml; name = en; path = en.lproj/Info.plist; sourceTree = "<group>"; };
		A349DD5F1EB4E3C50060D19B /* de */ = {isa = PBXFileReference; lastKnownFileType = text.plist.xml; name = de; path = de.lproj/Info.plist; sourceTree = "<group>"; };
		A371E58E1EB5453800DE94EB /* ContactsViewController.swift */ = {isa = PBXFileReference; fileEncoding = 4; lastKnownFileType = sourcecode.swift; path = ContactsViewController.swift; sourceTree = "<group>"; };
		A371E5901EB55BF600DE94EB /* PanelViewController.swift */ = {isa = PBXFileReference; fileEncoding = 4; lastKnownFileType = sourcecode.swift; path = PanelViewController.swift; sourceTree = "<group>"; };
		A39E37CC1EB4E67B002D809B /* de */ = {isa = PBXFileReference; lastKnownFileType = text.plist.strings; name = de; path = de.lproj/InfoPlist.strings; sourceTree = "<group>"; };
		A39E37CF1EB4E9BB002D809B /* MapView.swift */ = {isa = PBXFileReference; fileEncoding = 4; lastKnownFileType = sourcecode.swift; path = MapView.swift; sourceTree = "<group>"; };
		A39E37D11EB51204002D809B /* MPCManager.swift */ = {isa = PBXFileReference; fileEncoding = 4; lastKnownFileType = sourcecode.swift; path = MPCManager.swift; sourceTree = "<group>"; };
		A39E37D31EB51D79002D809B /* ChatViewController.swift */ = {isa = PBXFileReference; fileEncoding = 4; lastKnownFileType = sourcecode.swift; path = ChatViewController.swift; sourceTree = "<group>"; };
		A39E37DB1EB539A9002D809B /* AlertViewController.swift */ = {isa = PBXFileReference; fileEncoding = 4; lastKnownFileType = sourcecode.swift; path = AlertViewController.swift; sourceTree = "<group>"; };
/* End PBXFileReference section */

/* Begin PBXFrameworksBuildPhase section */
		A349DD1E1EB4C2A70060D19B /* Frameworks */ = {
			isa = PBXFrameworksBuildPhase;
			buildActionMask = 2147483647;
			files = (
				A349DD441EB4D8240060D19B /* MapKit.framework in Frameworks */,
			);
			runOnlyForDeploymentPostprocessing = 0;
		};
/* End PBXFrameworksBuildPhase section */

/* Begin PBXGroup section */
		A30488431EB5E693009D9397 /* Images */ = {
			isa = PBXGroup;
			children = (
				A30488481EB5F6DA009D9397 /* hudson_river.jpg */,
				A30488441EB5E693009D9397 /* Giza.png */,
				A30488451EB5E693009D9397 /* SauletekioAvenue.png */,
			);
			path = Images;
			sourceTree = "<group>";
		};
		A349DD181EB4C2A70060D19B = {
			isa = PBXGroup;
			children = (
				A349DD231EB4C2A70060D19B /* HackerGamesAviation */,
				A349DD221EB4C2A70060D19B /* Products */,
				A349DD421EB4D8240060D19B /* Frameworks */,
			);
			sourceTree = "<group>";
		};
		A349DD221EB4C2A70060D19B /* Products */ = {
			isa = PBXGroup;
			children = (
				A349DD211EB4C2A70060D19B /* HackerGamesAviation.app */,
			);
			name = Products;
			sourceTree = "<group>";
		};
		A349DD231EB4C2A70060D19B /* HackerGamesAviation */ = {
			isa = PBXGroup;
			children = (
				A349DD241EB4C2A70060D19B /* AppDelegate.swift */,
				A349DD261EB4C2A70060D19B /* MapViewController.swift */,
				A39E37DB1EB539A9002D809B /* AlertViewController.swift */,
				A39E37D31EB51D79002D809B /* ChatViewController.swift */,
				A371E58E1EB5453800DE94EB /* ContactsViewController.swift */,
				A371E5901EB55BF600DE94EB /* PanelViewController.swift */,
				A349DD361EB4C3060060D19B /* LocationManager.swift */,
				A39E37CF1EB4E9BB002D809B /* MapView.swift */,
				A39E37D11EB51204002D809B /* MPCManager.swift */,
				A349DD281EB4C2A70060D19B /* Main.storyboard */,
				A349DD2B1EB4C2A70060D19B /* Assets.xcassets */,
				A349DD2D1EB4C2A70060D19B /* LaunchScreen.storyboard */,
				A349DD5B1EB4E2590060D19B /* Info.plist */,
				A349DD391EB4CC500060D19B /* Route.gpx */,
				A39E37CB1EB4E67B002D809B /* InfoPlist.strings */,
				A30488431EB5E693009D9397 /* Images */,
			);
			path = HackerGamesAviation;
			sourceTree = "<group>";
		};
		A349DD421EB4D8240060D19B /* Frameworks */ = {
			isa = PBXGroup;
			children = (
				A349DD431EB4D8240060D19B /* MapKit.framework */,
			);
			name = Frameworks;
			sourceTree = "<group>";
		};
/* End PBXGroup section */

/* Begin PBXNativeTarget section */
		A349DD201EB4C2A70060D19B /* HackerGamesAviation */ = {
			isa = PBXNativeTarget;
			buildConfigurationList = A349DD331EB4C2A70060D19B /* Build configuration list for PBXNativeTarget "HackerGamesAviation" */;
			buildPhases = (
				A349DD1D1EB4C2A70060D19B /* Sources */,
				A349DD1E1EB4C2A70060D19B /* Frameworks */,
				A349DD1F1EB4C2A70060D19B /* Resources */,
			);
			buildRules = (
			);
			dependencies = (
			);
			name = HackerGamesAviation;
			productName = HackerGamesAviation;
			productReference = A349DD211EB4C2A70060D19B /* HackerGamesAviation.app */;
			productType = "com.apple.product-type.application";
		};
/* End PBXNativeTarget section */

/* Begin PBXProject section */
		A349DD191EB4C2A70060D19B /* Project object */ = {
			isa = PBXProject;
			attributes = {
				LastSwiftUpdateCheck = 0820;
				LastUpgradeCheck = 0820;
				ORGANIZATIONNAME = "Darius Miliauskas";
				TargetAttributes = {
					A349DD201EB4C2A70060D19B = {
						CreatedOnToolsVersion = 8.2.1;
						ProvisioningStyle = Automatic;
						SystemCapabilities = {
							com.apple.BackgroundModes = {
								enabled = 1;
							};
							com.apple.Maps.iOS = {
								enabled = 1;
							};
						};
					};
				};
			};
			buildConfigurationList = A349DD1C1EB4C2A70060D19B /* Build configuration list for PBXProject "HackerGamesAviation" */;
			compatibilityVersion = "Xcode 3.2";
			developmentRegion = English;
			hasScannedForEncodings = 0;
			knownRegions = (
				en,
				Base,
				lt,
				de,
			);
			mainGroup = A349DD181EB4C2A70060D19B;
			productRefGroup = A349DD221EB4C2A70060D19B /* Products */;
			projectDirPath = "";
			projectRoot = "";
			targets = (
				A349DD201EB4C2A70060D19B /* HackerGamesAviation */,
			);
		};
/* End PBXProject section */

/* Begin PBXResourcesBuildPhase section */
		A349DD1F1EB4C2A70060D19B /* Resources */ = {
			isa = PBXResourcesBuildPhase;
			buildActionMask = 2147483647;
			files = (
				A349DD2F1EB4C2A70060D19B /* LaunchScreen.storyboard in Resources */,
				A30488471EB5E693009D9397 /* SauletekioAvenue.png in Resources */,
				A30488491EB5F6DA009D9397 /* hudson_river.jpg in Resources */,
				A39E37CD1EB4E67B002D809B /* InfoPlist.strings in Resources */,
				A30488461EB5E693009D9397 /* Giza.png in Resources */,
				A349DD2C1EB4C2A70060D19B /* Assets.xcassets in Resources */,
				A349DD2A1EB4C2A70060D19B /* Main.storyboard in Resources */,
			);
			runOnlyForDeploymentPostprocessing = 0;
		};
/* End PBXResourcesBuildPhase section */

/* Begin PBXSourcesBuildPhase section */
		A349DD1D1EB4C2A70060D19B /* Sources */ = {
			isa = PBXSourcesBuildPhase;
			buildActionMask = 2147483647;
			files = (
				A349DD271EB4C2A70060D19B /* MapViewController.swift in Sources */,
				A39E37DC1EB539A9002D809B /* AlertViewController.swift in Sources */,
				A371E5911EB55BF600DE94EB /* PanelViewController.swift in Sources */,
				A39E37D41EB51D79002D809B /* ChatViewController.swift in Sources */,
				A39E37D01EB4E9BB002D809B /* MapView.swift in Sources */,
				A349DD371EB4C3060060D19B /* LocationManager.swift in Sources */,
				A371E58F1EB5453800DE94EB /* ContactsViewController.swift in Sources */,
				A39E37D21EB51204002D809B /* MPCManager.swift in Sources */,
				A349DD251EB4C2A70060D19B /* AppDelegate.swift in Sources */,
			);
			runOnlyForDeploymentPostprocessing = 0;
		};
/* End PBXSourcesBuildPhase section */

/* Begin PBXVariantGroup section */
		A349DD281EB4C2A70060D19B /* Main.storyboard */ = {
			isa = PBXVariantGroup;
			children = (
				A349DD291EB4C2A70060D19B /* Base */,
				A349DD4D1EB4DF180060D19B /* de */,
			);
			name = Main.storyboard;
			sourceTree = "<group>";
		};
		A349DD2D1EB4C2A70060D19B /* LaunchScreen.storyboard */ = {
			isa = PBXVariantGroup;
			children = (
				A349DD2E1EB4C2A70060D19B /* Base */,
				A349DD4E1EB4DF180060D19B /* de */,
			);
			name = LaunchScreen.storyboard;
			sourceTree = "<group>";
		};
		A349DD5B1EB4E2590060D19B /* Info.plist */ = {
			isa = PBXVariantGroup;
			children = (
				A349DD5E1EB4E3BF0060D19B /* en */,
				A349DD5F1EB4E3C50060D19B /* de */,
			);
			name = Info.plist;
			sourceTree = "<group>";
		};
		A39E37CB1EB4E67B002D809B /* InfoPlist.strings */ = {
			isa = PBXVariantGroup;
			children = (
				A39E37CC1EB4E67B002D809B /* de */,
			);
			name = InfoPlist.strings;
			sourceTree = "<group>";
		};
/* End PBXVariantGroup section */

/* Begin XCBuildConfiguration section */
		A349DD311EB4C2A70060D19B /* Debug */ = {
			isa = XCBuildConfiguration;
			buildSettings = {
				ALWAYS_SEARCH_USER_PATHS = NO;
				CLANG_ANALYZER_NONNULL = YES;
				CLANG_CXX_LANGUAGE_STANDARD = "gnu++0x";
				CLANG_CXX_LIBRARY = "libc++";
				CLANG_ENABLE_MODULES = YES;
				CLANG_ENABLE_OBJC_ARC = YES;
				CLANG_WARN_BOOL_CONVERSION = YES;
				CLANG_WARN_CONSTANT_CONVERSION = YES;
				CLANG_WARN_DIRECT_OBJC_ISA_USAGE = YES_ERROR;
				CLANG_WARN_DOCUMENTATION_COMMENTS = YES;
				CLANG_WARN_EMPTY_BODY = YES;
				CLANG_WARN_ENUM_CONVERSION = YES;
				CLANG_WARN_INFINITE_RECURSION = YES;
				CLANG_WARN_INT_CONVERSION = YES;
				CLANG_WARN_OBJC_ROOT_CLASS = YES_ERROR;
				CLANG_WARN_SUSPICIOUS_MOVE = YES;
				CLANG_WARN_UNREACHABLE_CODE = YES;
				CLANG_WARN__DUPLICATE_METHOD_MATCH = YES;
				"CODE_SIGN_IDENTITY[sdk=iphoneos*]" = "iPhone Developer";
				COPY_PHASE_STRIP = NO;
				DEBUG_INFORMATION_FORMAT = dwarf;
				ENABLE_STRICT_OBJC_MSGSEND = YES;
				ENABLE_TESTABILITY = YES;
				GCC_C_LANGUAGE_STANDARD = gnu99;
				GCC_DYNAMIC_NO_PIC = NO;
				GCC_NO_COMMON_BLOCKS = YES;
				GCC_OPTIMIZATION_LEVEL = 0;
				GCC_PREPROCESSOR_DEFINITIONS = (
					"DEBUG=1",
					"$(inherited)",
				);
				GCC_WARN_64_TO_32_BIT_CONVERSION = YES;
				GCC_WARN_ABOUT_RETURN_TYPE = YES_ERROR;
				GCC_WARN_UNDECLARED_SELECTOR = YES;
				GCC_WARN_UNINITIALIZED_AUTOS = YES_AGGRESSIVE;
				GCC_WARN_UNUSED_FUNCTION = YES;
				GCC_WARN_UNUSED_VARIABLE = YES;
				IPHONEOS_DEPLOYMENT_TARGET = 10.2;
				MTL_ENABLE_DEBUG_INFO = YES;
				ONLY_ACTIVE_ARCH = YES;
				SDKROOT = iphoneos;
				SWIFT_ACTIVE_COMPILATION_CONDITIONS = DEBUG;
				SWIFT_OPTIMIZATION_LEVEL = "-Onone";
			};
			name = Debug;
		};
		A349DD321EB4C2A70060D19B /* Release */ = {
			isa = XCBuildConfiguration;
			buildSettings = {
				ALWAYS_SEARCH_USER_PATHS = NO;
				CLANG_ANALYZER_NONNULL = YES;
				CLANG_CXX_LANGUAGE_STANDARD = "gnu++0x";
				CLANG_CXX_LIBRARY = "libc++";
				CLANG_ENABLE_MODULES = YES;
				CLANG_ENABLE_OBJC_ARC = YES;
				CLANG_WARN_BOOL_CONVERSION = YES;
				CLANG_WARN_CONSTANT_CONVERSION = YES;
				CLANG_WARN_DIRECT_OBJC_ISA_USAGE = YES_ERROR;
				CLANG_WARN_DOCUMENTATION_COMMENTS = YES;
				CLANG_WARN_EMPTY_BODY = YES;
				CLANG_WARN_ENUM_CONVERSION = YES;
				CLANG_WARN_INFINITE_RECURSION = YES;
				CLANG_WARN_INT_CONVERSION = YES;
				CLANG_WARN_OBJC_ROOT_CLASS = YES_ERROR;
				CLANG_WARN_SUSPICIOUS_MOVE = YES;
				CLANG_WARN_UNREACHABLE_CODE = YES;
				CLANG_WARN__DUPLICATE_METHOD_MATCH = YES;
				"CODE_SIGN_IDENTITY[sdk=iphoneos*]" = "iPhone Developer";
				COPY_PHASE_STRIP = NO;
				DEBUG_INFORMATION_FORMAT = "dwarf-with-dsym";
				ENABLE_NS_ASSERTIONS = NO;
				ENABLE_STRICT_OBJC_MSGSEND = YES;
				GCC_C_LANGUAGE_STANDARD = gnu99;
				GCC_NO_COMMON_BLOCKS = YES;
				GCC_WARN_64_TO_32_BIT_CONVERSION = YES;
				GCC_WARN_ABOUT_RETURN_TYPE = YES_ERROR;
				GCC_WARN_UNDECLARED_SELECTOR = YES;
				GCC_WARN_UNINITIALIZED_AUTOS = YES_AGGRESSIVE;
				GCC_WARN_UNUSED_FUNCTION = YES;
				GCC_WARN_UNUSED_VARIABLE = YES;
				IPHONEOS_DEPLOYMENT_TARGET = 10.2;
				MTL_ENABLE_DEBUG_INFO = NO;
				SDKROOT = iphoneos;
				SWIFT_OPTIMIZATION_LEVEL = "-Owholemodule";
				VALIDATE_PRODUCT = YES;
			};
			name = Release;
		};
		A349DD341EB4C2A70060D19B /* Debug */ = {
			isa = XCBuildConfiguration;
			buildSettings = {
				ASSETCATALOG_COMPILER_APPICON_NAME = AppIcon;
				INFOPLIST_FILE = HackerGamesAviation/en.lproj/Info.plist;
				IPHONEOS_DEPLOYMENT_TARGET = 9.0;
				LD_RUNPATH_SEARCH_PATHS = "$(inherited) @executable_path/Frameworks";
				PRODUCT_BUNDLE_IDENTIFIER = com.dariukas.HackerGamesAviation;
				PRODUCT_NAME = "$(TARGET_NAME)";
				SWIFT_VERSION = 3.0;
			};
			name = Debug;
		};
		A349DD351EB4C2A70060D19B /* Release */ = {
			isa = XCBuildConfiguration;
			buildSettings = {
				ASSETCATALOG_COMPILER_APPICON_NAME = AppIcon;
				INFOPLIST_FILE = HackerGamesAviation/en.lproj/Info.plist;
				IPHONEOS_DEPLOYMENT_TARGET = 9.0;
				LD_RUNPATH_SEARCH_PATHS = "$(inherited) @executable_path/Frameworks";
				PRODUCT_BUNDLE_IDENTIFIER = com.dariukas.HackerGamesAviation;
				PRODUCT_NAME = "$(TARGET_NAME)";
				SWIFT_VERSION = 3.0;
			};
			name = Release;
		};
/* End XCBuildConfiguration section */

/* Begin XCConfigurationList section */
		A349DD1C1EB4C2A70060D19B /* Build configuration list for PBXProject "HackerGamesAviation" */ = {
			isa = XCConfigurationList;
			buildConfigurations = (
				A349DD311EB4C2A70060D19B /* Debug */,
				A349DD321EB4C2A70060D19B /* Release */,
			);
			defaultConfigurationIsVisible = 0;
			defaultConfigurationName = Release;
		};
		A349DD331EB4C2A70060D19B /* Build configuration list for PBXNativeTarget "HackerGamesAviation" */ = {
			isa = XCConfigurationList;
			buildConfigurations = (
				A349DD341EB4C2A70060D19B /* Debug */,
				A349DD351EB4C2A70060D19B /* Release */,
			);
			defaultConfigurationIsVisible = 0;
			defaultConfigurationName = Release;
		};
/* End XCConfigurationList section */
	};
	rootObject = A349DD191EB4C2A70060D19B /* Project object */;
}
